
Microsoft Visual Studio Solution File, Format Version 12.00
# Visual Studio Version 17
VisualStudioVersion = 17.4.33205.214
MinimumVisualStudioVersion = 10.0.40219.1
Project("{8BC9CEB8-8B4A-11D0-8D11-00A0C91BC942}") = "Disk", "Disk\Disk.vcxproj", "{F02EA9A2-0073-41F7-B217-A550185017D9}"
EndProject
Project("{8BC9CEB8-8B4A-11D0-8D11-00A0C91BC942}") = "Desktop", "Desktop\Desktop.vcxproj", "{49E2F703-279D-4ED6-8F66-3082E24C50C1}"
EndProject
Project("{8BC9CEB8-8B4A-11D0-8D11-00A0C91BC942}") = "ClipBoard", "ClipBoard\ClipBoard.vcxproj", "{453ACEF5-DC12-43B9-A1D7-2D775FAE022A}"
EndProject
Project("{8BC9CEB8-8B4A-11D0-8D11-00A0C91BC942}") = "Hook", "Hook\Hook.vcxproj", "{AAAF6C69-3121-4579-8403-74EE142BD721}"
EndProject
Project("{8BC9CEB8-8B4A-11D0-8D11-00A0C91BC942}") = "KeyBoard", "KeyBoard\KeyBoard.vcxproj", "{E80C602B-163C-4A66-8BC6-2515400819C8}"
EndProject
Project("{8BC9CEB8-8B4A-11D0-8D11-00A0C91BC942}") = "Mouse", "Mouse\Mouse.vcxproj", "{7D2B8038-8791-41BA-8906-2EEB2332C328}"
EndProject
Project("{8BC9CEB8-8B4A-11D0-8D11-00A0C91BC942}") = "SingleInstance", "SingleInstance\SingleInstance.vcxproj", "{AA6E401D-5EA2-4F00-B74D-4E42DD8C3062}"
EndProject
Project("{8BC9CEB8-8B4A-11D0-8D11-00A0C91BC942}") = "Hook_lib", "Hook_lib\Hook_lib.vcxproj", "{458F5A45-F2AC-471F-9945-AAD887899BD8}"
EndProject
Project("{8BC9CEB8-8B4A-11D0-8D11-00A0C91BC942}") = "Message", "Message\Message.vcxproj", "{2BA4D96C-D477-485E-AF06-02C3ACC5B664}"
EndProject
Project("{8BC9CEB8-8B4A-11D0-8D11-00A0C91BC942}") = "IO", "IO\IO.vcxproj", "{13CAF272-F885-47B4-AC95-27DEECAFF798}"
EndProject
Project("{8BC9CEB8-8B4A-11D0-8D11-00A0C91BC942}") = "CommonDlg", "CommonDlg\CommonDlg.vcxproj", "{4F566DD5-9CE9-405B-809E-478776C14426}"
EndProject
Project("{8BC9CEB8-8B4A-11D0-8D11-00A0C91BC942}") = "Screenshot", "Screenshot\Screenshot.vcxproj", "{0272C299-1E7C-4C0A-AEA7-E9B447305F5F}"
EndProject
Project("{8BC9CEB8-8B4A-11D0-8D11-00A0C91BC942}") = "Self-starting", "Self-starting\Self-starting.vcxproj", "{491D6727-270C-4AD7-87D2-76B6B62E6237}"
EndProject
Project("{2150E333-8FDC-42A3-9474-1A3956D46DE8}") = "C++", "C++", "{1E19A88B-3013-4EB9-994E-F1DCF568D657}"
EndProject
Project("{8BC9CEB8-8B4A-11D0-8D11-00A0C91BC942}") = "UniformInitialization", "UniformInitialization\UniformInitialization.vcxproj", "{1C7D6AB3-6E7C-48B9-83C1-C3394C6CE06C}"
EndProject
Project("{8BC9CEB8-8B4A-11D0-8D11-00A0C91BC942}") = "StringLiteral", "StringLiteral\StringLiteral.vcxproj", "{4DD679C6-EC85-4696-9856-5C0E8DDAAEC7}"
EndProject
Project("{8BC9CEB8-8B4A-11D0-8D11-00A0C91BC942}") = "Process", "Process\Process.vcxproj", "{F51EC0EA-2BC8-40CF-A21F-507393C6CFF4}"
EndProject
Project("{8BC9CEB8-8B4A-11D0-8D11-00A0C91BC942}") = "KeyBoardRecord", "KeyBoardRecord\KeyBoardRecord.vcxproj", "{B2C73BDE-0138-4CCA-A2C7-11AB59C8F958}"
EndProject
Project("{8BC9CEB8-8B4A-11D0-8D11-00A0C91BC942}") = "Lambda", "Lambda\Lambda.vcxproj", "{EB24FE53-7C30-4794-B11A-CBC9DEE33E39}"
EndProject
Project("{8BC9CEB8-8B4A-11D0-8D11-00A0C91BC942}") = "ErrorHandler", "ErrorHandler\ErrorHandler.vcxproj", "{C0DADCDA-9A0B-48FE-9D96-C03CFDF3E313}"
EndProject
Project("{8BC9CEB8-8B4A-11D0-8D11-00A0C91BC942}") = "Thread", "Thread\Thread.vcxproj", "{BA8F6910-B9D5-4821-BEB2-EC68A2396269}"
EndProject
Project("{8BC9CEB8-8B4A-11D0-8D11-00A0C91BC942}") = "WMI", "WMI\WMI.vcxproj", "{D263B7DF-D276-4FC8-A337-0AC40EA1375D}"
EndProject
Project("{8BC9CEB8-8B4A-11D0-8D11-00A0C91BC942}") = "ProcessMonitor", "ProcessMonitor\ProcessMonitor.vcxproj", "{373B6080-3595-4081-BA68-6D08D7C3C6A7}"
EndProject
Project("{8BC9CEB8-8B4A-11D0-8D11-00A0C91BC942}") = "COM", "COM\COM.vcxproj", "{1BCF2613-7AE3-4CE4-A80C-92FF9E893883}"
EndProject
Project("{8BC9CEB8-8B4A-11D0-8D11-00A0C91BC942}") = "Registry", "Registry\Registry.vcxproj", "{F806F8E4-4D87-4969-B6D8-9505476160DA}"
EndProject
Project("{8BC9CEB8-8B4A-11D0-8D11-00A0C91BC942}") = "Exception", "Exception\Exception.vcxproj", "{6BB5DCBE-63C5-4A12-B349-F1B3993EBACE}"
EndProject
Project("{8BC9CEB8-8B4A-11D0-8D11-00A0C91BC942}") = "ClassFeature", "ClassFeature\ClassFeature.vcxproj", "{E24C30C7-E4E1-45B0-90E4-2882023E3CE8}"
EndProject
Project("{8BC9CEB8-8B4A-11D0-8D11-00A0C91BC942}") = "EnumFile", "EnumFile\EnumFile.vcxproj", "{63D54075-E244-4DF1-9508-4F2998F9700A}"
EndProject
Project("{2150E333-8FDC-42A3-9474-1A3956D46DE8}") = "DiskMgmt", "DiskMgmt", "{0C6C36E5-36A5-441B-AE2E-D3A14E335FE2}"
EndProject
Project("{2150E333-8FDC-42A3-9474-1A3956D46DE8}") = "DesktopMgmt", "DesktopMgmt", "{FBB50411-A622-453F-A5F0-C2F417D95CBA}"
EndProject
Project("{2150E333-8FDC-42A3-9474-1A3956D46DE8}") = "Hook_", "Hook_", "{EF674002-90AF-4B26-8A50-571EE15D75A0}"
EndProject
Project("{2150E333-8FDC-42A3-9474-1A3956D46DE8}") = "ClipBoard_", "ClipBoard_", "{7E06B2D5-BB3F-4D95-8C75-B6A4967D58F4}"
EndProject
Project("{2150E333-8FDC-42A3-9474-1A3956D46DE8}") = "IO_", "IO_", "{1A59F8D8-DFE3-4C7D-9CB9-2DE819D4832A}"
EndProject
Project("{2150E333-8FDC-42A3-9474-1A3956D46DE8}") = "Keyboard_", "Keyboard_", "{CF3D0438-69F5-4122-9AD9-90F00AF5B243}"
EndProject
Project("{2150E333-8FDC-42A3-9474-1A3956D46DE8}") = "Message_", "Message_", "{5E223D0E-AF77-49A4-86E0-238B83A511B7}"
EndProject
Project("{2150E333-8FDC-42A3-9474-1A3956D46DE8}") = "Mouse_", "Mouse_", "{6A69BB0D-C652-4122-AC64-63C9ED46146B}"
EndProject
Project("{2150E333-8FDC-42A3-9474-1A3956D46DE8}") = "Dialog_", "Dialog_", "{DE9F86AE-03C0-4EB4-B5A9-F83ADF30EA23}"
EndProject
Project("{2150E333-8FDC-42A3-9474-1A3956D46DE8}") = "COM_", "COM_", "{0232F622-1BFC-48B0-A59D-2BF44D829244}"
EndProject
Project("{2150E333-8FDC-42A3-9474-1A3956D46DE8}") = "Process_", "Process_", "{D3951A36-6285-4394-AC78-6CB211822673}"
EndProject
Project("{2150E333-8FDC-42A3-9474-1A3956D46DE8}") = "MultiThread", "MultiThread", "{1BD43397-A0B1-42AC-9649-90F51CDFC5A8}"
EndProject
Project("{2150E333-8FDC-42A3-9474-1A3956D46DE8}") = "WMI_", "WMI_", "{DAE413EB-DB13-4F59-A1A9-AB3C4FBFD87D}"
EndProject
Project("{2150E333-8FDC-42A3-9474-1A3956D46DE8}") = "Util", "Util", "{2B68E290-B9FE-49B0-95B6-54BD7D544B36}"
EndProject
Project("{2150E333-8FDC-42A3-9474-1A3956D46DE8}") = "Registry_", "Registry_", "{D2E9160F-2133-4AE3-9AE8-DDE4BEB249D3}"
EndProject
Project("{2150E333-8FDC-42A3-9474-1A3956D46DE8}") = "Startup_", "Startup_", "{3C9118AA-2671-47E7-8E28-2C6E1AAD592E}"
EndProject
Project("{2150E333-8FDC-42A3-9474-1A3956D46DE8}") = "Inject", "Inject", "{6331951F-6B5F-4B19-89A7-BA954F4DD97D}"
EndProject
Project("{2150E333-8FDC-42A3-9474-1A3956D46DE8}") = "RemoteThread", "RemoteThread", "{6B87C2D4-5CD1-46EC-937C-40D681966F6D}"
EndProject
Project("{2150E333-8FDC-42A3-9474-1A3956D46DE8}") = "Window", "Window", "{B37BF774-1146-43A9-8CD8-75A8382724A1}"
EndProject
Project("{8BC9CEB8-8B4A-11D0-8D11-00A0C91BC942}") = "CreateWindowDemo", "CreateWindowDemo\CreateWindowDemo.vcxproj", "{34F21D5B-5590-41AF-A13F-E7F78CB75539}"
EndProject
Project("{8BC9CEB8-8B4A-11D0-8D11-00A0C91BC942}") = "RemoteThread_lib", "RemoteThread_lib\RemoteThread_lib.vcxproj", "{DE514A3B-DD1F-4C73-889E-707D0419F76C}"
EndProject
Project("{8BC9CEB8-8B4A-11D0-8D11-00A0C91BC942}") = "RemoteThreadDemo", "RemoteThreadDemo\RemoteThreadDemo.vcxproj", "{5404F1BD-0DBC-4949-A3CC-4A568DC7F9B0}"
EndProject
Project("{8BC9CEB8-8B4A-11D0-8D11-00A0C91BC942}") = "Process_ZwQuerySystemInformation", "Process_ZwQuerySystemInformation\Process_ZwQuerySystemInformation.vcxproj", "{DA021FFB-B15B-468D-8999-30A58C374CF0}"
EndProject
Project("{8BC9CEB8-8B4A-11D0-8D11-00A0C91BC942}") = "Process_EnumProcesses", "Process_EnumProcesses\Process_EnumProcesses.vcxproj", "{600EF46F-F620-42A1-BA45-6F37E8AD6231}"
EndProject
Project("{8BC9CEB8-8B4A-11D0-8D11-00A0C91BC942}") = "Process_WMI", "Process_WMI\Process_WMI.vcxproj", "{0A90343F-A7BE-4AB5-A3A6-9536D2556C0A}"
EndProject
Project("{2150E333-8FDC-42A3-9474-1A3956D46DE8}") = "Drawing", "Drawing", "{F27AD73B-E9D5-4823-9021-F7F3E59F0180}"
EndProject
Project("{8BC9CEB8-8B4A-11D0-8D11-00A0C91BC942}") = "MousePaint", "MousePaint\MousePaint.vcxproj", "{529C3C9E-9FFF-4ADF-B83A-E408A8877326}"
EndProject
Global
	GlobalSection(SolutionConfigurationPlatforms) = preSolution
		Debug|x64 = Debug|x64
		Debug|x86 = Debug|x86
		Release|x64 = Release|x64
		Release|x86 = Release|x86
	EndGlobalSection
	GlobalSection(ProjectConfigurationPlatforms) = postSolution
		{F02EA9A2-0073-41F7-B217-A550185017D9}.Debug|x64.ActiveCfg = Debug|x64
		{F02EA9A2-0073-41F7-B217-A550185017D9}.Debug|x64.Build.0 = Debug|x64
		{F02EA9A2-0073-41F7-B217-A550185017D9}.Debug|x86.ActiveCfg = Debug|Win32
		{F02EA9A2-0073-41F7-B217-A550185017D9}.Debug|x86.Build.0 = Debug|Win32
		{F02EA9A2-0073-41F7-B217-A550185017D9}.Release|x64.ActiveCfg = Release|x64
		{F02EA9A2-0073-41F7-B217-A550185017D9}.Release|x64.Build.0 = Release|x64
		{F02EA9A2-0073-41F7-B217-A550185017D9}.Release|x86.ActiveCfg = Release|Win32
		{F02EA9A2-0073-41F7-B217-A550185017D9}.Release|x86.Build.0 = Release|Win32
		{49E2F703-279D-4ED6-8F66-3082E24C50C1}.Debug|x64.ActiveCfg = Debug|x64
		{49E2F703-279D-4ED6-8F66-3082E24C50C1}.Debug|x64.Build.0 = Debug|x64
		{49E2F703-279D-4ED6-8F66-3082E24C50C1}.Debug|x86.ActiveCfg = Debug|Win32
		{49E2F703-279D-4ED6-8F66-3082E24C50C1}.Debug|x86.Build.0 = Debug|Win32
		{49E2F703-279D-4ED6-8F66-3082E24C50C1}.Release|x64.ActiveCfg = Release|x64
		{49E2F703-279D-4ED6-8F66-3082E24C50C1}.Release|x64.Build.0 = Release|x64
		{49E2F703-279D-4ED6-8F66-3082E24C50C1}.Release|x86.ActiveCfg = Release|Win32
		{49E2F703-279D-4ED6-8F66-3082E24C50C1}.Release|x86.Build.0 = Release|Win32
		{453ACEF5-DC12-43B9-A1D7-2D775FAE022A}.Debug|x64.ActiveCfg = Debug|x64
		{453ACEF5-DC12-43B9-A1D7-2D775FAE022A}.Debug|x64.Build.0 = Debug|x64
		{453ACEF5-DC12-43B9-A1D7-2D775FAE022A}.Debug|x86.ActiveCfg = Debug|Win32
		{453ACEF5-DC12-43B9-A1D7-2D775FAE022A}.Debug|x86.Build.0 = Debug|Win32
		{453ACEF5-DC12-43B9-A1D7-2D775FAE022A}.Release|x64.ActiveCfg = Release|x64
		{453ACEF5-DC12-43B9-A1D7-2D775FAE022A}.Release|x64.Build.0 = Release|x64
		{453ACEF5-DC12-43B9-A1D7-2D775FAE022A}.Release|x86.ActiveCfg = Release|Win32
		{453ACEF5-DC12-43B9-A1D7-2D775FAE022A}.Release|x86.Build.0 = Release|Win32
		{AAAF6C69-3121-4579-8403-74EE142BD721}.Debug|x64.ActiveCfg = Debug|x64
		{AAAF6C69-3121-4579-8403-74EE142BD721}.Debug|x64.Build.0 = Debug|x64
		{AAAF6C69-3121-4579-8403-74EE142BD721}.Debug|x86.ActiveCfg = Debug|Win32
		{AAAF6C69-3121-4579-8403-74EE142BD721}.Debug|x86.Build.0 = Debug|Win32
		{AAAF6C69-3121-4579-8403-74EE142BD721}.Release|x64.ActiveCfg = Release|x64
		{AAAF6C69-3121-4579-8403-74EE142BD721}.Release|x64.Build.0 = Release|x64
		{AAAF6C69-3121-4579-8403-74EE142BD721}.Release|x86.ActiveCfg = Release|Win32
		{AAAF6C69-3121-4579-8403-74EE142BD721}.Release|x86.Build.0 = Release|Win32
		{E80C602B-163C-4A66-8BC6-2515400819C8}.Debug|x64.ActiveCfg = Debug|x64
		{E80C602B-163C-4A66-8BC6-2515400819C8}.Debug|x64.Build.0 = Debug|x64
		{E80C602B-163C-4A66-8BC6-2515400819C8}.Debug|x86.ActiveCfg = Debug|Win32
		{E80C602B-163C-4A66-8BC6-2515400819C8}.Debug|x86.Build.0 = Debug|Win32
		{E80C602B-163C-4A66-8BC6-2515400819C8}.Release|x64.ActiveCfg = Release|x64
		{E80C602B-163C-4A66-8BC6-2515400819C8}.Release|x64.Build.0 = Release|x64
		{E80C602B-163C-4A66-8BC6-2515400819C8}.Release|x86.ActiveCfg = Release|Win32
		{E80C602B-163C-4A66-8BC6-2515400819C8}.Release|x86.Build.0 = Release|Win32
		{7D2B8038-8791-41BA-8906-2EEB2332C328}.Debug|x64.ActiveCfg = Debug|x64
		{7D2B8038-8791-41BA-8906-2EEB2332C328}.Debug|x64.Build.0 = Debug|x64
		{7D2B8038-8791-41BA-8906-2EEB2332C328}.Debug|x86.ActiveCfg = Debug|Win32
		{7D2B8038-8791-41BA-8906-2EEB2332C328}.Debug|x86.Build.0 = Debug|Win32
		{7D2B8038-8791-41BA-8906-2EEB2332C328}.Release|x64.ActiveCfg = Release|x64
		{7D2B8038-8791-41BA-8906-2EEB2332C328}.Release|x64.Build.0 = Release|x64
		{7D2B8038-8791-41BA-8906-2EEB2332C328}.Release|x86.ActiveCfg = Release|Win32
		{7D2B8038-8791-41BA-8906-2EEB2332C328}.Release|x86.Build.0 = Release|Win32
		{AA6E401D-5EA2-4F00-B74D-4E42DD8C3062}.Debug|x64.ActiveCfg = Debug|x64
		{AA6E401D-5EA2-4F00-B74D-4E42DD8C3062}.Debug|x64.Build.0 = Debug|x64
		{AA6E401D-5EA2-4F00-B74D-4E42DD8C3062}.Debug|x86.ActiveCfg = Debug|Win32
		{AA6E401D-5EA2-4F00-B74D-4E42DD8C3062}.Debug|x86.Build.0 = Debug|Win32
		{AA6E401D-5EA2-4F00-B74D-4E42DD8C3062}.Release|x64.ActiveCfg = Release|x64
		{AA6E401D-5EA2-4F00-B74D-4E42DD8C3062}.Release|x64.Build.0 = Release|x64
		{AA6E401D-5EA2-4F00-B74D-4E42DD8C3062}.Release|x86.ActiveCfg = Release|Win32
		{AA6E401D-5EA2-4F00-B74D-4E42DD8C3062}.Release|x86.Build.0 = Release|Win32
		{458F5A45-F2AC-471F-9945-AAD887899BD8}.Debug|x64.ActiveCfg = Debug|x64
		{458F5A45-F2AC-471F-9945-AAD887899BD8}.Debug|x64.Build.0 = Debug|x64
		{458F5A45-F2AC-471F-9945-AAD887899BD8}.Debug|x86.ActiveCfg = Debug|Win32
		{458F5A45-F2AC-471F-9945-AAD887899BD8}.Debug|x86.Build.0 = Debug|Win32
		{458F5A45-F2AC-471F-9945-AAD887899BD8}.Release|x64.ActiveCfg = Release|x64
		{458F5A45-F2AC-471F-9945-AAD887899BD8}.Release|x64.Build.0 = Release|x64
		{458F5A45-F2AC-471F-9945-AAD887899BD8}.Release|x86.ActiveCfg = Release|Win32
		{458F5A45-F2AC-471F-9945-AAD887899BD8}.Release|x86.Build.0 = Release|Win32
		{2BA4D96C-D477-485E-AF06-02C3ACC5B664}.Debug|x64.ActiveCfg = Debug|x64
		{2BA4D96C-D477-485E-AF06-02C3ACC5B664}.Debug|x64.Build.0 = Debug|x64
		{2BA4D96C-D477-485E-AF06-02C3ACC5B664}.Debug|x86.ActiveCfg = Debug|Win32
		{2BA4D96C-D477-485E-AF06-02C3ACC5B664}.Debug|x86.Build.0 = Debug|Win32
		{2BA4D96C-D477-485E-AF06-02C3ACC5B664}.Release|x64.ActiveCfg = Release|x64
		{2BA4D96C-D477-485E-AF06-02C3ACC5B664}.Release|x64.Build.0 = Release|x64
		{2BA4D96C-D477-485E-AF06-02C3ACC5B664}.Release|x86.ActiveCfg = Release|Win32
		{2BA4D96C-D477-485E-AF06-02C3ACC5B664}.Release|x86.Build.0 = Release|Win32
		{13CAF272-F885-47B4-AC95-27DEECAFF798}.Debug|x64.ActiveCfg = Debug|x64
		{13CAF272-F885-47B4-AC95-27DEECAFF798}.Debug|x64.Build.0 = Debug|x64
		{13CAF272-F885-47B4-AC95-27DEECAFF798}.Debug|x86.ActiveCfg = Debug|Win32
		{13CAF272-F885-47B4-AC95-27DEECAFF798}.Debug|x86.Build.0 = Debug|Win32
		{13CAF272-F885-47B4-AC95-27DEECAFF798}.Release|x64.ActiveCfg = Release|x64
		{13CAF272-F885-47B4-AC95-27DEECAFF798}.Release|x64.Build.0 = Release|x64
		{13CAF272-F885-47B4-AC95-27DEECAFF798}.Release|x86.ActiveCfg = Release|Win32
		{13CAF272-F885-47B4-AC95-27DEECAFF798}.Release|x86.Build.0 = Release|Win32
		{4F566DD5-9CE9-405B-809E-478776C14426}.Debug|x64.ActiveCfg = Debug|x64
		{4F566DD5-9CE9-405B-809E-478776C14426}.Debug|x64.Build.0 = Debug|x64
		{4F566DD5-9CE9-405B-809E-478776C14426}.Debug|x86.ActiveCfg = Debug|Win32
		{4F566DD5-9CE9-405B-809E-478776C14426}.Debug|x86.Build.0 = Debug|Win32
		{4F566DD5-9CE9-405B-809E-478776C14426}.Release|x64.ActiveCfg = Release|x64
		{4F566DD5-9CE9-405B-809E-478776C14426}.Release|x64.Build.0 = Release|x64
		{4F566DD5-9CE9-405B-809E-478776C14426}.Release|x86.ActiveCfg = Release|Win32
		{4F566DD5-9CE9-405B-809E-478776C14426}.Release|x86.Build.0 = Release|Win32
		{0272C299-1E7C-4C0A-AEA7-E9B447305F5F}.Debug|x64.ActiveCfg = Debug|x64
		{0272C299-1E7C-4C0A-AEA7-E9B447305F5F}.Debug|x64.Build.0 = Debug|x64
		{0272C299-1E7C-4C0A-AEA7-E9B447305F5F}.Debug|x86.ActiveCfg = Debug|Win32
		{0272C299-1E7C-4C0A-AEA7-E9B447305F5F}.Debug|x86.Build.0 = Debug|Win32
		{0272C299-1E7C-4C0A-AEA7-E9B447305F5F}.Release|x64.ActiveCfg = Release|x64
		{0272C299-1E7C-4C0A-AEA7-E9B447305F5F}.Release|x64.Build.0 = Release|x64
		{0272C299-1E7C-4C0A-AEA7-E9B447305F5F}.Release|x86.ActiveCfg = Release|Win32
		{0272C299-1E7C-4C0A-AEA7-E9B447305F5F}.Release|x86.Build.0 = Release|Win32
		{491D6727-270C-4AD7-87D2-76B6B62E6237}.Debug|x64.ActiveCfg = Debug|x64
		{491D6727-270C-4AD7-87D2-76B6B62E6237}.Debug|x64.Build.0 = Debug|x64
		{491D6727-270C-4AD7-87D2-76B6B62E6237}.Debug|x86.ActiveCfg = Debug|Win32
		{491D6727-270C-4AD7-87D2-76B6B62E6237}.Debug|x86.Build.0 = Debug|Win32
		{491D6727-270C-4AD7-87D2-76B6B62E6237}.Release|x64.ActiveCfg = Release|x64
		{491D6727-270C-4AD7-87D2-76B6B62E6237}.Release|x64.Build.0 = Release|x64
		{491D6727-270C-4AD7-87D2-76B6B62E6237}.Release|x86.ActiveCfg = Release|Win32
		{491D6727-270C-4AD7-87D2-76B6B62E6237}.Release|x86.Build.0 = Release|Win32
		{1C7D6AB3-6E7C-48B9-83C1-C3394C6CE06C}.Debug|x64.ActiveCfg = Debug|x64
		{1C7D6AB3-6E7C-48B9-83C1-C3394C6CE06C}.Debug|x64.Build.0 = Debug|x64
		{1C7D6AB3-6E7C-48B9-83C1-C3394C6CE06C}.Debug|x86.ActiveCfg = Debug|Win32
		{1C7D6AB3-6E7C-48B9-83C1-C3394C6CE06C}.Debug|x86.Build.0 = Debug|Win32
		{1C7D6AB3-6E7C-48B9-83C1-C3394C6CE06C}.Release|x64.ActiveCfg = Release|x64
		{1C7D6AB3-6E7C-48B9-83C1-C3394C6CE06C}.Release|x64.Build.0 = Release|x64
		{1C7D6AB3-6E7C-48B9-83C1-C3394C6CE06C}.Release|x86.ActiveCfg = Release|Win32
		{1C7D6AB3-6E7C-48B9-83C1-C3394C6CE06C}.Release|x86.Build.0 = Release|Win32
		{4DD679C6-EC85-4696-9856-5C0E8DDAAEC7}.Debug|x64.ActiveCfg = Debug|x64
		{4DD679C6-EC85-4696-9856-5C0E8DDAAEC7}.Debug|x64.Build.0 = Debug|x64
		{4DD679C6-EC85-4696-9856-5C0E8DDAAEC7}.Debug|x86.ActiveCfg = Debug|Win32
		{4DD679C6-EC85-4696-9856-5C0E8DDAAEC7}.Debug|x86.Build.0 = Debug|Win32
		{4DD679C6-EC85-4696-9856-5C0E8DDAAEC7}.Release|x64.ActiveCfg = Release|x64
		{4DD679C6-EC85-4696-9856-5C0E8DDAAEC7}.Release|x64.Build.0 = Release|x64
		{4DD679C6-EC85-4696-9856-5C0E8DDAAEC7}.Release|x86.ActiveCfg = Release|Win32
		{4DD679C6-EC85-4696-9856-5C0E8DDAAEC7}.Release|x86.Build.0 = Release|Win32
		{F51EC0EA-2BC8-40CF-A21F-507393C6CFF4}.Debug|x64.ActiveCfg = Debug|x64
		{F51EC0EA-2BC8-40CF-A21F-507393C6CFF4}.Debug|x64.Build.0 = Debug|x64
		{F51EC0EA-2BC8-40CF-A21F-507393C6CFF4}.Debug|x86.ActiveCfg = Debug|Win32
		{F51EC0EA-2BC8-40CF-A21F-507393C6CFF4}.Debug|x86.Build.0 = Debug|Win32
		{F51EC0EA-2BC8-40CF-A21F-507393C6CFF4}.Release|x64.ActiveCfg = Release|x64
		{F51EC0EA-2BC8-40CF-A21F-507393C6CFF4}.Release|x64.Build.0 = Release|x64
		{F51EC0EA-2BC8-40CF-A21F-507393C6CFF4}.Release|x86.ActiveCfg = Release|Win32
		{F51EC0EA-2BC8-40CF-A21F-507393C6CFF4}.Release|x86.Build.0 = Release|Win32
		{B2C73BDE-0138-4CCA-A2C7-11AB59C8F958}.Debug|x64.ActiveCfg = Debug|x64
		{B2C73BDE-0138-4CCA-A2C7-11AB59C8F958}.Debug|x64.Build.0 = Debug|x64
		{B2C73BDE-0138-4CCA-A2C7-11AB59C8F958}.Debug|x86.ActiveCfg = Debug|Win32
		{B2C73BDE-0138-4CCA-A2C7-11AB59C8F958}.Debug|x86.Build.0 = Debug|Win32
		{B2C73BDE-0138-4CCA-A2C7-11AB59C8F958}.Release|x64.ActiveCfg = Release|x64
		{B2C73BDE-0138-4CCA-A2C7-11AB59C8F958}.Release|x64.Build.0 = Release|x64
		{B2C73BDE-0138-4CCA-A2C7-11AB59C8F958}.Release|x86.ActiveCfg = Release|Win32
		{B2C73BDE-0138-4CCA-A2C7-11AB59C8F958}.Release|x86.Build.0 = Release|Win32
		{EB24FE53-7C30-4794-B11A-CBC9DEE33E39}.Debug|x64.ActiveCfg = Debug|x64
		{EB24FE53-7C30-4794-B11A-CBC9DEE33E39}.Debug|x64.Build.0 = Debug|x64
		{EB24FE53-7C30-4794-B11A-CBC9DEE33E39}.Debug|x86.ActiveCfg = Debug|Win32
		{EB24FE53-7C30-4794-B11A-CBC9DEE33E39}.Debug|x86.Build.0 = Debug|Win32
		{EB24FE53-7C30-4794-B11A-CBC9DEE33E39}.Release|x64.ActiveCfg = Release|x64
		{EB24FE53-7C30-4794-B11A-CBC9DEE33E39}.Release|x64.Build.0 = Release|x64
		{EB24FE53-7C30-4794-B11A-CBC9DEE33E39}.Release|x86.ActiveCfg = Release|Win32
		{EB24FE53-7C30-4794-B11A-CBC9DEE33E39}.Release|x86.Build.0 = Release|Win32
		{C0DADCDA-9A0B-48FE-9D96-C03CFDF3E313}.Debug|x64.ActiveCfg = Debug|x64
		{C0DADCDA-9A0B-48FE-9D96-C03CFDF3E313}.Debug|x64.Build.0 = Debug|x64
		{C0DADCDA-9A0B-48FE-9D96-C03CFDF3E313}.Debug|x86.ActiveCfg = Debug|Win32
		{C0DADCDA-9A0B-48FE-9D96-C03CFDF3E313}.Debug|x86.Build.0 = Debug|Win32
		{C0DADCDA-9A0B-48FE-9D96-C03CFDF3E313}.Release|x64.ActiveCfg = Release|x64
		{C0DADCDA-9A0B-48FE-9D96-C03CFDF3E313}.Release|x64.Build.0 = Release|x64
		{C0DADCDA-9A0B-48FE-9D96-C03CFDF3E313}.Release|x86.ActiveCfg = Release|Win32
		{C0DADCDA-9A0B-48FE-9D96-C03CFDF3E313}.Release|x86.Build.0 = Release|Win32
		{BA8F6910-B9D5-4821-BEB2-EC68A2396269}.Debug|x64.ActiveCfg = Debug|x64
		{BA8F6910-B9D5-4821-BEB2-EC68A2396269}.Debug|x64.Build.0 = Debug|x64
		{BA8F6910-B9D5-4821-BEB2-EC68A2396269}.Debug|x86.ActiveCfg = Debug|Win32
		{BA8F6910-B9D5-4821-BEB2-EC68A2396269}.Debug|x86.Build.0 = Debug|Win32
		{BA8F6910-B9D5-4821-BEB2-EC68A2396269}.Release|x64.ActiveCfg = Release|x64
		{BA8F6910-B9D5-4821-BEB2-EC68A2396269}.Release|x64.Build.0 = Release|x64
		{BA8F6910-B9D5-4821-BEB2-EC68A2396269}.Release|x86.ActiveCfg = Release|Win32
		{BA8F6910-B9D5-4821-BEB2-EC68A2396269}.Release|x86.Build.0 = Release|Win32
		{D263B7DF-D276-4FC8-A337-0AC40EA1375D}.Debug|x64.ActiveCfg = Debug|x64
		{D263B7DF-D276-4FC8-A337-0AC40EA1375D}.Debug|x64.Build.0 = Debug|x64
		{D263B7DF-D276-4FC8-A337-0AC40EA1375D}.Debug|x86.ActiveCfg = Debug|Win32
		{D263B7DF-D276-4FC8-A337-0AC40EA1375D}.Debug|x86.Build.0 = Debug|Win32
		{D263B7DF-D276-4FC8-A337-0AC40EA1375D}.Release|x64.ActiveCfg = Release|x64
		{D263B7DF-D276-4FC8-A337-0AC40EA1375D}.Release|x64.Build.0 = Release|x64
		{D263B7DF-D276-4FC8-A337-0AC40EA1375D}.Release|x86.ActiveCfg = Release|Win32
		{D263B7DF-D276-4FC8-A337-0AC40EA1375D}.Release|x86.Build.0 = Release|Win32
		{373B6080-3595-4081-BA68-6D08D7C3C6A7}.Debug|x64.ActiveCfg = Debug|x64
		{373B6080-3595-4081-BA68-6D08D7C3C6A7}.Debug|x64.Build.0 = Debug|x64
		{373B6080-3595-4081-BA68-6D08D7C3C6A7}.Debug|x86.ActiveCfg = Debug|Win32
		{373B6080-3595-4081-BA68-6D08D7C3C6A7}.Debug|x86.Build.0 = Debug|Win32
		{373B6080-3595-4081-BA68-6D08D7C3C6A7}.Release|x64.ActiveCfg = Release|x64
		{373B6080-3595-4081-BA68-6D08D7C3C6A7}.Release|x64.Build.0 = Release|x64
		{373B6080-3595-4081-BA68-6D08D7C3C6A7}.Release|x86.ActiveCfg = Release|Win32
		{373B6080-3595-4081-BA68-6D08D7C3C6A7}.Release|x86.Build.0 = Release|Win32
		{1BCF2613-7AE3-4CE4-A80C-92FF9E893883}.Debug|x64.ActiveCfg = Debug|x64
		{1BCF2613-7AE3-4CE4-A80C-92FF9E893883}.Debug|x64.Build.0 = Debug|x64
		{1BCF2613-7AE3-4CE4-A80C-92FF9E893883}.Debug|x86.ActiveCfg = Debug|Win32
		{1BCF2613-7AE3-4CE4-A80C-92FF9E893883}.Debug|x86.Build.0 = Debug|Win32
		{1BCF2613-7AE3-4CE4-A80C-92FF9E893883}.Release|x64.ActiveCfg = Release|x64
		{1BCF2613-7AE3-4CE4-A80C-92FF9E893883}.Release|x64.Build.0 = Release|x64
		{1BCF2613-7AE3-4CE4-A80C-92FF9E893883}.Release|x86.ActiveCfg = Release|Win32
		{1BCF2613-7AE3-4CE4-A80C-92FF9E893883}.Release|x86.Build.0 = Release|Win32
		{F806F8E4-4D87-4969-B6D8-9505476160DA}.Debug|x64.ActiveCfg = Debug|x64
		{F806F8E4-4D87-4969-B6D8-9505476160DA}.Debug|x64.Build.0 = Debug|x64
		{F806F8E4-4D87-4969-B6D8-9505476160DA}.Debug|x86.ActiveCfg = Debug|Win32
		{F806F8E4-4D87-4969-B6D8-9505476160DA}.Debug|x86.Build.0 = Debug|Win32
		{F806F8E4-4D87-4969-B6D8-9505476160DA}.Release|x64.ActiveCfg = Release|x64
		{F806F8E4-4D87-4969-B6D8-9505476160DA}.Release|x64.Build.0 = Release|x64
		{F806F8E4-4D87-4969-B6D8-9505476160DA}.Release|x86.ActiveCfg = Release|Win32
		{F806F8E4-4D87-4969-B6D8-9505476160DA}.Release|x86.Build.0 = Release|Win32
		{6BB5DCBE-63C5-4A12-B349-F1B3993EBACE}.Debug|x64.ActiveCfg = Debug|x64
		{6BB5DCBE-63C5-4A12-B349-F1B3993EBACE}.Debug|x64.Build.0 = Debug|x64
		{6BB5DCBE-63C5-4A12-B349-F1B3993EBACE}.Debug|x86.ActiveCfg = Debug|Win32
		{6BB5DCBE-63C5-4A12-B349-F1B3993EBACE}.Debug|x86.Build.0 = Debug|Win32
		{6BB5DCBE-63C5-4A12-B349-F1B3993EBACE}.Release|x64.ActiveCfg = Release|x64
		{6BB5DCBE-63C5-4A12-B349-F1B3993EBACE}.Release|x64.Build.0 = Release|x64
		{6BB5DCBE-63C5-4A12-B349-F1B3993EBACE}.Release|x86.ActiveCfg = Release|Win32
		{6BB5DCBE-63C5-4A12-B349-F1B3993EBACE}.Release|x86.Build.0 = Release|Win32
		{E24C30C7-E4E1-45B0-90E4-2882023E3CE8}.Debug|x64.ActiveCfg = Debug|x64
		{E24C30C7-E4E1-45B0-90E4-2882023E3CE8}.Debug|x64.Build.0 = Debug|x64
		{E24C30C7-E4E1-45B0-90E4-2882023E3CE8}.Debug|x86.ActiveCfg = Debug|Win32
		{E24C30C7-E4E1-45B0-90E4-2882023E3CE8}.Debug|x86.Build.0 = Debug|Win32
		{E24C30C7-E4E1-45B0-90E4-2882023E3CE8}.Release|x64.ActiveCfg = Release|x64
		{E24C30C7-E4E1-45B0-90E4-2882023E3CE8}.Release|x64.Build.0 = Release|x64
		{E24C30C7-E4E1-45B0-90E4-2882023E3CE8}.Release|x86.ActiveCfg = Release|Win32
		{E24C30C7-E4E1-45B0-90E4-2882023E3CE8}.Release|x86.Build.0 = Release|Win32
		{63D54075-E244-4DF1-9508-4F2998F9700A}.Debug|x64.ActiveCfg = Debug|x64
		{63D54075-E244-4DF1-9508-4F2998F9700A}.Debug|x64.Build.0 = Debug|x64
		{63D54075-E244-4DF1-9508-4F2998F9700A}.Debug|x86.ActiveCfg = Debug|Win32
		{63D54075-E244-4DF1-9508-4F2998F9700A}.Debug|x86.Build.0 = Debug|Win32
		{63D54075-E244-4DF1-9508-4F2998F9700A}.Release|x64.ActiveCfg = Release|x64
		{63D54075-E244-4DF1-9508-4F2998F9700A}.Release|x64.Build.0 = Release|x64
		{63D54075-E244-4DF1-9508-4F2998F9700A}.Release|x86.ActiveCfg = Release|Win32
		{63D54075-E244-4DF1-9508-4F2998F9700A}.Release|x86.Build.0 = Release|Win32
		{34F21D5B-5590-41AF-A13F-E7F78CB75539}.Debug|x64.ActiveCfg = Debug|x64
		{34F21D5B-5590-41AF-A13F-E7F78CB75539}.Debug|x64.Build.0 = Debug|x64
		{34F21D5B-5590-41AF-A13F-E7F78CB75539}.Debug|x86.ActiveCfg = Debug|Win32
		{34F21D5B-5590-41AF-A13F-E7F78CB75539}.Debug|x86.Build.0 = Debug|Win32
		{34F21D5B-5590-41AF-A13F-E7F78CB75539}.Release|x64.ActiveCfg = Release|x64
		{34F21D5B-5590-41AF-A13F-E7F78CB75539}.Release|x64.Build.0 = Release|x64
		{34F21D5B-5590-41AF-A13F-E7F78CB75539}.Release|x86.ActiveCfg = Release|Win32
		{34F21D5B-5590-41AF-A13F-E7F78CB75539}.Release|x86.Build.0 = Release|Win32
		{DE514A3B-DD1F-4C73-889E-707D0419F76C}.Debug|x64.ActiveCfg = Debug|x64
		{DE514A3B-DD1F-4C73-889E-707D0419F76C}.Debug|x64.Build.0 = Debug|x64
		{DE514A3B-DD1F-4C73-889E-707D0419F76C}.Debug|x86.ActiveCfg = Debug|Win32
		{DE514A3B-DD1F-4C73-889E-707D0419F76C}.Debug|x86.Build.0 = Debug|Win32
		{DE514A3B-DD1F-4C73-889E-707D0419F76C}.Release|x64.ActiveCfg = Release|x64
		{DE514A3B-DD1F-4C73-889E-707D0419F76C}.Release|x64.Build.0 = Release|x64
		{DE514A3B-DD1F-4C73-889E-707D0419F76C}.Release|x86.ActiveCfg = Release|Win32
		{DE514A3B-DD1F-4C73-889E-707D0419F76C}.Release|x86.Build.0 = Release|Win32
		{5404F1BD-0DBC-4949-A3CC-4A568DC7F9B0}.Debug|x64.ActiveCfg = Debug|x64
		{5404F1BD-0DBC-4949-A3CC-4A568DC7F9B0}.Debug|x64.Build.0 = Debug|x64
		{5404F1BD-0DBC-4949-A3CC-4A568DC7F9B0}.Debug|x86.ActiveCfg = Debug|Win32
		{5404F1BD-0DBC-4949-A3CC-4A568DC7F9B0}.Debug|x86.Build.0 = Debug|Win32
		{5404F1BD-0DBC-4949-A3CC-4A568DC7F9B0}.Release|x64.ActiveCfg = Release|x64
		{5404F1BD-0DBC-4949-A3CC-4A568DC7F9B0}.Release|x64.Build.0 = Release|x64
		{5404F1BD-0DBC-4949-A3CC-4A568DC7F9B0}.Release|x86.ActiveCfg = Release|Win32
		{5404F1BD-0DBC-4949-A3CC-4A568DC7F9B0}.Release|x86.Build.0 = Release|Win32
		{DA021FFB-B15B-468D-8999-30A58C374CF0}.Debug|x64.ActiveCfg = Debug|x64
		{DA021FFB-B15B-468D-8999-30A58C374CF0}.Debug|x64.Build.0 = Debug|x64
		{DA021FFB-B15B-468D-8999-30A58C374CF0}.Debug|x86.ActiveCfg = Debug|Win32
		{DA021FFB-B15B-468D-8999-30A58C374CF0}.Debug|x86.Build.0 = Debug|Win32
		{DA021FFB-B15B-468D-8999-30A58C374CF0}.Release|x64.ActiveCfg = Release|x64
		{DA021FFB-B15B-468D-8999-30A58C374CF0}.Release|x64.Build.0 = Release|x64
		{DA021FFB-B15B-468D-8999-30A58C374CF0}.Release|x86.ActiveCfg = Release|Win32
		{DA021FFB-B15B-468D-8999-30A58C374CF0}.Release|x86.Build.0 = Release|Win32
		{600EF46F-F620-42A1-BA45-6F37E8AD6231}.Debug|x64.ActiveCfg = Debug|x64
		{600EF46F-F620-42A1-BA45-6F37E8AD6231}.Debug|x64.Build.0 = Debug|x64
		{600EF46F-F620-42A1-BA45-6F37E8AD6231}.Debug|x86.ActiveCfg = Debug|Win32
		{600EF46F-F620-42A1-BA45-6F37E8AD6231}.Debug|x86.Build.0 = Debug|Win32
		{600EF46F-F620-42A1-BA45-6F37E8AD6231}.Release|x64.ActiveCfg = Release|x64
		{600EF46F-F620-42A1-BA45-6F37E8AD6231}.Release|x64.Build.0 = Release|x64
		{600EF46F-F620-42A1-BA45-6F37E8AD6231}.Release|x86.ActiveCfg = Release|Win32
		{600EF46F-F620-42A1-BA45-6F37E8AD6231}.Release|x86.Build.0 = Release|Win32
		{0A90343F-A7BE-4AB5-A3A6-9536D2556C0A}.Debug|x64.ActiveCfg = Debug|x64
		{0A90343F-A7BE-4AB5-A3A6-9536D2556C0A}.Debug|x64.Build.0 = Debug|x64
		{0A90343F-A7BE-4AB5-A3A6-9536D2556C0A}.Debug|x86.ActiveCfg = Debug|Win32
		{0A90343F-A7BE-4AB5-A3A6-9536D2556C0A}.Debug|x86.Build.0 = Debug|Win32
		{0A90343F-A7BE-4AB5-A3A6-9536D2556C0A}.Release|x64.ActiveCfg = Release|x64
		{0A90343F-A7BE-4AB5-A3A6-9536D2556C0A}.Release|x64.Build.0 = Release|x64
		{0A90343F-A7BE-4AB5-A3A6-9536D2556C0A}.Release|x86.ActiveCfg = Release|Win32
		{0A90343F-A7BE-4AB5-A3A6-9536D2556C0A}.Release|x86.Build.0 = Release|Win32
		{529C3C9E-9FFF-4ADF-B83A-E408A8877326}.Debug|x64.ActiveCfg = Debug|x64
		{529C3C9E-9FFF-4ADF-B83A-E408A8877326}.Debug|x64.Build.0 = Debug|x64
		{529C3C9E-9FFF-4ADF-B83A-E408A8877326}.Debug|x86.ActiveCfg = Debug|Win32
		{529C3C9E-9FFF-4ADF-B83A-E408A8877326}.Debug|x86.Build.0 = Debug|Win32
		{529C3C9E-9FFF-4ADF-B83A-E408A8877326}.Release|x64.ActiveCfg = Release|x64
		{529C3C9E-9FFF-4ADF-B83A-E408A8877326}.Release|x64.Build.0 = Release|x64
		{529C3C9E-9FFF-4ADF-B83A-E408A8877326}.Release|x86.ActiveCfg = Release|Win32
		{529C3C9E-9FFF-4ADF-B83A-E408A8877326}.Release|x86.Build.0 = Release|Win32
	EndGlobalSection
	GlobalSection(SolutionProperties) = preSolution
		HideSolutionNode = FALSE
	EndGlobalSection
	GlobalSection(NestedProjects) = preSolution
		{F02EA9A2-0073-41F7-B217-A550185017D9} = {0C6C36E5-36A5-441B-AE2E-D3A14E335FE2}
		{49E2F703-279D-4ED6-8F66-3082E24C50C1} = {FBB50411-A622-453F-A5F0-C2F417D95CBA}
		{453ACEF5-DC12-43B9-A1D7-2D775FAE022A} = {7E06B2D5-BB3F-4D95-8C75-B6A4967D58F4}
		{AAAF6C69-3121-4579-8403-74EE142BD721} = {EF674002-90AF-4B26-8A50-571EE15D75A0}
		{E80C602B-163C-4A66-8BC6-2515400819C8} = {CF3D0438-69F5-4122-9AD9-90F00AF5B243}
		{7D2B8038-8791-41BA-8906-2EEB2332C328} = {6A69BB0D-C652-4122-AC64-63C9ED46146B}
		{AA6E401D-5EA2-4F00-B74D-4E42DD8C3062} = {2B68E290-B9FE-49B0-95B6-54BD7D544B36}
		{458F5A45-F2AC-471F-9945-AAD887899BD8} = {EF674002-90AF-4B26-8A50-571EE15D75A0}
		{2BA4D96C-D477-485E-AF06-02C3ACC5B664} = {5E223D0E-AF77-49A4-86E0-238B83A511B7}
		{13CAF272-F885-47B4-AC95-27DEECAFF798} = {1A59F8D8-DFE3-4C7D-9CB9-2DE819D4832A}
		{4F566DD5-9CE9-405B-809E-478776C14426} = {DE9F86AE-03C0-4EB4-B5A9-F83ADF30EA23}
		{0272C299-1E7C-4C0A-AEA7-E9B447305F5F} = {2B68E290-B9FE-49B0-95B6-54BD7D544B36}
		{491D6727-270C-4AD7-87D2-76B6B62E6237} = {3C9118AA-2671-47E7-8E28-2C6E1AAD592E}
		{1C7D6AB3-6E7C-48B9-83C1-C3394C6CE06C} = {1E19A88B-3013-4EB9-994E-F1DCF568D657}
		{4DD679C6-EC85-4696-9856-5C0E8DDAAEC7} = {1E19A88B-3013-4EB9-994E-F1DCF568D657}
		{F51EC0EA-2BC8-40CF-A21F-507393C6CFF4} = {D3951A36-6285-4394-AC78-6CB211822673}
		{B2C73BDE-0138-4CCA-A2C7-11AB59C8F958} = {CF3D0438-69F5-4122-9AD9-90F00AF5B243}
		{EB24FE53-7C30-4794-B11A-CBC9DEE33E39} = {1E19A88B-3013-4EB9-994E-F1DCF568D657}
		{C0DADCDA-9A0B-48FE-9D96-C03CFDF3E313} = {2B68E290-B9FE-49B0-95B6-54BD7D544B36}
		{BA8F6910-B9D5-4821-BEB2-EC68A2396269} = {1BD43397-A0B1-42AC-9649-90F51CDFC5A8}
		{D263B7DF-D276-4FC8-A337-0AC40EA1375D} = {DAE413EB-DB13-4F59-A1A9-AB3C4FBFD87D}
		{373B6080-3595-4081-BA68-6D08D7C3C6A7} = {D3951A36-6285-4394-AC78-6CB211822673}
		{1BCF2613-7AE3-4CE4-A80C-92FF9E893883} = {0232F622-1BFC-48B0-A59D-2BF44D829244}
		{F806F8E4-4D87-4969-B6D8-9505476160DA} = {D2E9160F-2133-4AE3-9AE8-DDE4BEB249D3}
		{6BB5DCBE-63C5-4A12-B349-F1B3993EBACE} = {1E19A88B-3013-4EB9-994E-F1DCF568D657}
		{E24C30C7-E4E1-45B0-90E4-2882023E3CE8} = {1E19A88B-3013-4EB9-994E-F1DCF568D657}
		{63D54075-E244-4DF1-9508-4F2998F9700A} = {1A59F8D8-DFE3-4C7D-9CB9-2DE819D4832A}
		{6B87C2D4-5CD1-46EC-937C-40D681966F6D} = {6331951F-6B5F-4B19-89A7-BA954F4DD97D}
		{34F21D5B-5590-41AF-A13F-E7F78CB75539} = {B37BF774-1146-43A9-8CD8-75A8382724A1}
		{DE514A3B-DD1F-4C73-889E-707D0419F76C} = {6B87C2D4-5CD1-46EC-937C-40D681966F6D}
		{5404F1BD-0DBC-4949-A3CC-4A568DC7F9B0} = {6B87C2D4-5CD1-46EC-937C-40D681966F6D}
		{DA021FFB-B15B-468D-8999-30A58C374CF0} = {D3951A36-6285-4394-AC78-6CB211822673}
		{600EF46F-F620-42A1-BA45-6F37E8AD6231} = {D3951A36-6285-4394-AC78-6CB211822673}
		{0A90343F-A7BE-4AB5-A3A6-9536D2556C0A} = {D3951A36-6285-4394-AC78-6CB211822673}
		{529C3C9E-9FFF-4ADF-B83A-E408A8877326} = {F27AD73B-E9D5-4823-9021-F7F3E59F0180}
	EndGlobalSection
	GlobalSection(ExtensibilityGlobals) = postSolution
		SolutionGuid = {794C7078-B5BA-4004-8965-A2864872EBFB}
	EndGlobalSection
EndGlobal
