
Microsoft Visual Studio Solution File, Format Version 12.00
# Visual Studio Version 16
VisualStudioVersion = 16.0.30711.63
MinimumVisualStudioVersion = 10.0.40219.1
Project("{8BC9CEB8-8B4A-11D0-8D11-00A0C91BC942}") = "Disk", "Disk\Disk.vcxproj", "{F02EA9A2-0073-41F7-B217-A550185017D9}"
EndProject
Project("{8BC9CEB8-8B4A-11D0-8D11-00A0C91BC942}") = "Desktop", "Desktop\Desktop.vcxproj", "{49E2F703-279D-4ED6-8F66-3082E24C50C1}"
EndProject
Project("{8BC9CEB8-8B4A-11D0-8D11-00A0C91BC942}") = "ClipBoard", "ClipBoard\ClipBoard.vcxproj", "{453ACEF5-DC12-43B9-A1D7-2D775FAE022A}"
EndProject
Project("{8BC9CEB8-8B4A-11D0-8D11-00A0C91BC942}") = "Hook", "Hook\Hook.vcxproj", "{AAAF6C69-3121-4579-8403-74EE142BD721}"
EndProject
Project("{8BC9CEB8-8B4A-11D0-8D11-00A0C91BC942}") = "KeyBoard", "KeyBoard\KeyBoard.vcxproj", "{E80C602B-163C-4A66-8BC6-2515400819C8}"
EndProject
Project("{8BC9CEB8-8B4A-11D0-8D11-00A0C91BC942}") = "Mouse", "Mouse\Mouse.vcxproj", "{7D2B8038-8791-41BA-8906-2EEB2332C328}"
EndProject
Project("{8BC9CEB8-8B4A-11D0-8D11-00A0C91BC942}") = "SingleInstance", "SingleInstance\SingleInstance.vcxproj", "{AA6E401D-5EA2-4F00-B74D-4E42DD8C3062}"
EndProject
Project("{8BC9CEB8-8B4A-11D0-8D11-00A0C91BC942}") = "Hook_lib", "Hook_lib\Hook_lib.vcxproj", "{458F5A45-F2AC-471F-9945-AAD887899BD8}"
EndProject
Project("{8BC9CEB8-8B4A-11D0-8D11-00A0C91BC942}") = "Message", "Message\Message.vcxproj", "{2BA4D96C-D477-485E-AF06-02C3ACC5B664}"
EndProject
Project("{8BC9CEB8-8B4A-11D0-8D11-00A0C91BC942}") = "IO", "IO\IO.vcxproj", "{13CAF272-F885-47B4-AC95-27DEECAFF798}"
EndProject
Project("{8BC9CEB8-8B4A-11D0-8D11-00A0C91BC942}") = "CommonDlg", "CommonDlg\CommonDlg.vcxproj", "{4F566DD5-9CE9-405B-809E-478776C14426}"
EndProject
Project("{8BC9CEB8-8B4A-11D0-8D11-00A0C91BC942}") = "Screenshot", "Screenshot\Screenshot.vcxproj", "{0272C299-1E7C-4C0A-AEA7-E9B447305F5F}"
EndProject
Project("{8BC9CEB8-8B4A-11D0-8D11-00A0C91BC942}") = "Self-starting", "Self-starting\Self-starting.vcxproj", "{491D6727-270C-4AD7-87D2-76B6B62E6237}"
EndProject
Project("{2150E333-8FDC-42A3-9474-1A3956D46DE8}") = "C++", "C++", "{1E19A88B-3013-4EB9-994E-F1DCF568D657}"
EndProject
Project("{8BC9CEB8-8B4A-11D0-8D11-00A0C91BC942}") = "UniformInitialization", "UniformInitialization\UniformInitialization.vcxproj", "{1C7D6AB3-6E7C-48B9-83C1-C3394C6CE06C}"
EndProject
Project("{8BC9CEB8-8B4A-11D0-8D11-00A0C91BC942}") = "StringLiteral", "StringLiteral\StringLiteral.vcxproj", "{4DD679C6-EC85-4696-9856-5C0E8DDAAEC7}"
EndProject
Project("{8BC9CEB8-8B4A-11D0-8D11-00A0C91BC942}") = "Process", "Process\Process.vcxproj", "{F51EC0EA-2BC8-40CF-A21F-507393C6CFF4}"
EndProject
Project("{8BC9CEB8-8B4A-11D0-8D11-00A0C91BC942}") = "KeyBoardRecord", "KeyBoardRecord\KeyBoardRecord.vcxproj", "{B2C73BDE-0138-4CCA-A2C7-11AB59C8F958}"
EndProject
Project("{8BC9CEB8-8B4A-11D0-8D11-00A0C91BC942}") = "Lambda", "Lambda\Lambda.vcxproj", "{EB24FE53-7C30-4794-B11A-CBC9DEE33E39}"
EndProject
Project("{8BC9CEB8-8B4A-11D0-8D11-00A0C91BC942}") = "ErrorHandler", "ErrorHandler\ErrorHandler.vcxproj", "{C0DADCDA-9A0B-48FE-9D96-C03CFDF3E313}"
EndProject
Project("{8BC9CEB8-8B4A-11D0-8D11-00A0C91BC942}") = "Thread", "Thread\Thread.vcxproj", "{BA8F6910-B9D5-4821-BEB2-EC68A2396269}"
EndProject
Global
	GlobalSection(SolutionConfigurationPlatforms) = preSolution
		Debug|x64 = Debug|x64
		Debug|x86 = Debug|x86
		Release|x64 = Release|x64
		Release|x86 = Release|x86
	EndGlobalSection
	GlobalSection(ProjectConfigurationPlatforms) = postSolution
		{F02EA9A2-0073-41F7-B217-A550185017D9}.Debug|x64.ActiveCfg = Debug|x64
		{F02EA9A2-0073-41F7-B217-A550185017D9}.Debug|x64.Build.0 = Debug|x64
		{F02EA9A2-0073-41F7-B217-A550185017D9}.Debug|x86.ActiveCfg = Debug|Win32
		{F02EA9A2-0073-41F7-B217-A550185017D9}.Debug|x86.Build.0 = Debug|Win32
		{F02EA9A2-0073-41F7-B217-A550185017D9}.Release|x64.ActiveCfg = Release|x64
		{F02EA9A2-0073-41F7-B217-A550185017D9}.Release|x64.Build.0 = Release|x64
		{F02EA9A2-0073-41F7-B217-A550185017D9}.Release|x86.ActiveCfg = Release|Win32
		{F02EA9A2-0073-41F7-B217-A550185017D9}.Release|x86.Build.0 = Release|Win32
		{49E2F703-279D-4ED6-8F66-3082E24C50C1}.Debug|x64.ActiveCfg = Debug|x64
		{49E2F703-279D-4ED6-8F66-3082E24C50C1}.Debug|x64.Build.0 = Debug|x64
		{49E2F703-279D-4ED6-8F66-3082E24C50C1}.Debug|x86.ActiveCfg = Debug|Win32
		{49E2F703-279D-4ED6-8F66-3082E24C50C1}.Debug|x86.Build.0 = Debug|Win32
		{49E2F703-279D-4ED6-8F66-3082E24C50C1}.Release|x64.ActiveCfg = Release|x64
		{49E2F703-279D-4ED6-8F66-3082E24C50C1}.Release|x64.Build.0 = Release|x64
		{49E2F703-279D-4ED6-8F66-3082E24C50C1}.Release|x86.ActiveCfg = Release|Win32
		{49E2F703-279D-4ED6-8F66-3082E24C50C1}.Release|x86.Build.0 = Release|Win32
		{453ACEF5-DC12-43B9-A1D7-2D775FAE022A}.Debug|x64.ActiveCfg = Debug|x64
		{453ACEF5-DC12-43B9-A1D7-2D775FAE022A}.Debug|x64.Build.0 = Debug|x64
		{453ACEF5-DC12-43B9-A1D7-2D775FAE022A}.Debug|x86.ActiveCfg = Debug|Win32
		{453ACEF5-DC12-43B9-A1D7-2D775FAE022A}.Debug|x86.Build.0 = Debug|Win32
		{453ACEF5-DC12-43B9-A1D7-2D775FAE022A}.Release|x64.ActiveCfg = Release|x64
		{453ACEF5-DC12-43B9-A1D7-2D775FAE022A}.Release|x64.Build.0 = Release|x64
		{453ACEF5-DC12-43B9-A1D7-2D775FAE022A}.Release|x86.ActiveCfg = Release|Win32
		{453ACEF5-DC12-43B9-A1D7-2D775FAE022A}.Release|x86.Build.0 = Release|Win32
		{AAAF6C69-3121-4579-8403-74EE142BD721}.Debug|x64.ActiveCfg = Debug|x64
		{AAAF6C69-3121-4579-8403-74EE142BD721}.Debug|x64.Build.0 = Debug|x64
		{AAAF6C69-3121-4579-8403-74EE142BD721}.Debug|x86.ActiveCfg = Debug|Win32
		{AAAF6C69-3121-4579-8403-74EE142BD721}.Debug|x86.Build.0 = Debug|Win32
		{AAAF6C69-3121-4579-8403-74EE142BD721}.Release|x64.ActiveCfg = Release|x64
		{AAAF6C69-3121-4579-8403-74EE142BD721}.Release|x64.Build.0 = Release|x64
		{AAAF6C69-3121-4579-8403-74EE142BD721}.Release|x86.ActiveCfg = Release|Win32
		{AAAF6C69-3121-4579-8403-74EE142BD721}.Release|x86.Build.0 = Release|Win32
		{E80C602B-163C-4A66-8BC6-2515400819C8}.Debug|x64.ActiveCfg = Debug|x64
		{E80C602B-163C-4A66-8BC6-2515400819C8}.Debug|x64.Build.0 = Debug|x64
		{E80C602B-163C-4A66-8BC6-2515400819C8}.Debug|x86.ActiveCfg = Debug|Win32
		{E80C602B-163C-4A66-8BC6-2515400819C8}.Debug|x86.Build.0 = Debug|Win32
		{E80C602B-163C-4A66-8BC6-2515400819C8}.Release|x64.ActiveCfg = Release|x64
		{E80C602B-163C-4A66-8BC6-2515400819C8}.Release|x64.Build.0 = Release|x64
		{E80C602B-163C-4A66-8BC6-2515400819C8}.Release|x86.ActiveCfg = Release|Win32
		{E80C602B-163C-4A66-8BC6-2515400819C8}.Release|x86.Build.0 = Release|Win32
		{7D2B8038-8791-41BA-8906-2EEB2332C328}.Debug|x64.ActiveCfg = Debug|x64
		{7D2B8038-8791-41BA-8906-2EEB2332C328}.Debug|x64.Build.0 = Debug|x64
		{7D2B8038-8791-41BA-8906-2EEB2332C328}.Debug|x86.ActiveCfg = Debug|Win32
		{7D2B8038-8791-41BA-8906-2EEB2332C328}.Debug|x86.Build.0 = Debug|Win32
		{7D2B8038-8791-41BA-8906-2EEB2332C328}.Release|x64.ActiveCfg = Release|x64
		{7D2B8038-8791-41BA-8906-2EEB2332C328}.Release|x64.Build.0 = Release|x64
		{7D2B8038-8791-41BA-8906-2EEB2332C328}.Release|x86.ActiveCfg = Release|Win32
		{7D2B8038-8791-41BA-8906-2EEB2332C328}.Release|x86.Build.0 = Release|Win32
		{AA6E401D-5EA2-4F00-B74D-4E42DD8C3062}.Debug|x64.ActiveCfg = Debug|x64
		{AA6E401D-5EA2-4F00-B74D-4E42DD8C3062}.Debug|x64.Build.0 = Debug|x64
		{AA6E401D-5EA2-4F00-B74D-4E42DD8C3062}.Debug|x86.ActiveCfg = Debug|Win32
		{AA6E401D-5EA2-4F00-B74D-4E42DD8C3062}.Debug|x86.Build.0 = Debug|Win32
		{AA6E401D-5EA2-4F00-B74D-4E42DD8C3062}.Release|x64.ActiveCfg = Release|x64
		{AA6E401D-5EA2-4F00-B74D-4E42DD8C3062}.Release|x64.Build.0 = Release|x64
		{AA6E401D-5EA2-4F00-B74D-4E42DD8C3062}.Release|x86.ActiveCfg = Release|Win32
		{AA6E401D-5EA2-4F00-B74D-4E42DD8C3062}.Release|x86.Build.0 = Release|Win32
		{458F5A45-F2AC-471F-9945-AAD887899BD8}.Debug|x64.ActiveCfg = Debug|x64
		{458F5A45-F2AC-471F-9945-AAD887899BD8}.Debug|x64.Build.0 = Debug|x64
		{458F5A45-F2AC-471F-9945-AAD887899BD8}.Debug|x86.ActiveCfg = Debug|Win32
		{458F5A45-F2AC-471F-9945-AAD887899BD8}.Debug|x86.Build.0 = Debug|Win32
		{458F5A45-F2AC-471F-9945-AAD887899BD8}.Release|x64.ActiveCfg = Release|x64
		{458F5A45-F2AC-471F-9945-AAD887899BD8}.Release|x64.Build.0 = Release|x64
		{458F5A45-F2AC-471F-9945-AAD887899BD8}.Release|x86.ActiveCfg = Release|Win32
		{458F5A45-F2AC-471F-9945-AAD887899BD8}.Release|x86.Build.0 = Release|Win32
		{2BA4D96C-D477-485E-AF06-02C3ACC5B664}.Debug|x64.ActiveCfg = Debug|x64
		{2BA4D96C-D477-485E-AF06-02C3ACC5B664}.Debug|x64.Build.0 = Debug|x64
		{2BA4D96C-D477-485E-AF06-02C3ACC5B664}.Debug|x86.ActiveCfg = Debug|Win32
		{2BA4D96C-D477-485E-AF06-02C3ACC5B664}.Debug|x86.Build.0 = Debug|Win32
		{2BA4D96C-D477-485E-AF06-02C3ACC5B664}.Release|x64.ActiveCfg = Release|x64
		{2BA4D96C-D477-485E-AF06-02C3ACC5B664}.Release|x64.Build.0 = Release|x64
		{2BA4D96C-D477-485E-AF06-02C3ACC5B664}.Release|x86.ActiveCfg = Release|Win32
		{2BA4D96C-D477-485E-AF06-02C3ACC5B664}.Release|x86.Build.0 = Release|Win32
		{13CAF272-F885-47B4-AC95-27DEECAFF798}.Debug|x64.ActiveCfg = Debug|x64
		{13CAF272-F885-47B4-AC95-27DEECAFF798}.Debug|x64.Build.0 = Debug|x64
		{13CAF272-F885-47B4-AC95-27DEECAFF798}.Debug|x86.ActiveCfg = Debug|Win32
		{13CAF272-F885-47B4-AC95-27DEECAFF798}.Debug|x86.Build.0 = Debug|Win32
		{13CAF272-F885-47B4-AC95-27DEECAFF798}.Release|x64.ActiveCfg = Release|x64
		{13CAF272-F885-47B4-AC95-27DEECAFF798}.Release|x64.Build.0 = Release|x64
		{13CAF272-F885-47B4-AC95-27DEECAFF798}.Release|x86.ActiveCfg = Release|Win32
		{13CAF272-F885-47B4-AC95-27DEECAFF798}.Release|x86.Build.0 = Release|Win32
		{4F566DD5-9CE9-405B-809E-478776C14426}.Debug|x64.ActiveCfg = Debug|x64
		{4F566DD5-9CE9-405B-809E-478776C14426}.Debug|x64.Build.0 = Debug|x64
		{4F566DD5-9CE9-405B-809E-478776C14426}.Debug|x86.ActiveCfg = Debug|Win32
		{4F566DD5-9CE9-405B-809E-478776C14426}.Debug|x86.Build.0 = Debug|Win32
		{4F566DD5-9CE9-405B-809E-478776C14426}.Release|x64.ActiveCfg = Release|x64
		{4F566DD5-9CE9-405B-809E-478776C14426}.Release|x64.Build.0 = Release|x64
		{4F566DD5-9CE9-405B-809E-478776C14426}.Release|x86.ActiveCfg = Release|Win32
		{4F566DD5-9CE9-405B-809E-478776C14426}.Release|x86.Build.0 = Release|Win32
		{0272C299-1E7C-4C0A-AEA7-E9B447305F5F}.Debug|x64.ActiveCfg = Debug|x64
		{0272C299-1E7C-4C0A-AEA7-E9B447305F5F}.Debug|x64.Build.0 = Debug|x64
		{0272C299-1E7C-4C0A-AEA7-E9B447305F5F}.Debug|x86.ActiveCfg = Debug|Win32
		{0272C299-1E7C-4C0A-AEA7-E9B447305F5F}.Debug|x86.Build.0 = Debug|Win32
		{0272C299-1E7C-4C0A-AEA7-E9B447305F5F}.Release|x64.ActiveCfg = Release|x64
		{0272C299-1E7C-4C0A-AEA7-E9B447305F5F}.Release|x64.Build.0 = Release|x64
		{0272C299-1E7C-4C0A-AEA7-E9B447305F5F}.Release|x86.ActiveCfg = Release|Win32
		{0272C299-1E7C-4C0A-AEA7-E9B447305F5F}.Release|x86.Build.0 = Release|Win32
		{491D6727-270C-4AD7-87D2-76B6B62E6237}.Debug|x64.ActiveCfg = Debug|x64
		{491D6727-270C-4AD7-87D2-76B6B62E6237}.Debug|x64.Build.0 = Debug|x64
		{491D6727-270C-4AD7-87D2-76B6B62E6237}.Debug|x86.ActiveCfg = Debug|Win32
		{491D6727-270C-4AD7-87D2-76B6B62E6237}.Debug|x86.Build.0 = Debug|Win32
		{491D6727-270C-4AD7-87D2-76B6B62E6237}.Release|x64.ActiveCfg = Release|x64
		{491D6727-270C-4AD7-87D2-76B6B62E6237}.Release|x64.Build.0 = Release|x64
		{491D6727-270C-4AD7-87D2-76B6B62E6237}.Release|x86.ActiveCfg = Release|Win32
		{491D6727-270C-4AD7-87D2-76B6B62E6237}.Release|x86.Build.0 = Release|Win32
		{1C7D6AB3-6E7C-48B9-83C1-C3394C6CE06C}.Debug|x64.ActiveCfg = Debug|x64
		{1C7D6AB3-6E7C-48B9-83C1-C3394C6CE06C}.Debug|x64.Build.0 = Debug|x64
		{1C7D6AB3-6E7C-48B9-83C1-C3394C6CE06C}.Debug|x86.ActiveCfg = Debug|Win32
		{1C7D6AB3-6E7C-48B9-83C1-C3394C6CE06C}.Debug|x86.Build.0 = Debug|Win32
		{1C7D6AB3-6E7C-48B9-83C1-C3394C6CE06C}.Release|x64.ActiveCfg = Release|x64
		{1C7D6AB3-6E7C-48B9-83C1-C3394C6CE06C}.Release|x64.Build.0 = Release|x64
		{1C7D6AB3-6E7C-48B9-83C1-C3394C6CE06C}.Release|x86.ActiveCfg = Release|Win32
		{1C7D6AB3-6E7C-48B9-83C1-C3394C6CE06C}.Release|x86.Build.0 = Release|Win32
		{4DD679C6-EC85-4696-9856-5C0E8DDAAEC7}.Debug|x64.ActiveCfg = Debug|x64
		{4DD679C6-EC85-4696-9856-5C0E8DDAAEC7}.Debug|x64.Build.0 = Debug|x64
		{4DD679C6-EC85-4696-9856-5C0E8DDAAEC7}.Debug|x86.ActiveCfg = Debug|Win32
		{4DD679C6-EC85-4696-9856-5C0E8DDAAEC7}.Debug|x86.Build.0 = Debug|Win32
		{4DD679C6-EC85-4696-9856-5C0E8DDAAEC7}.Release|x64.ActiveCfg = Release|x64
		{4DD679C6-EC85-4696-9856-5C0E8DDAAEC7}.Release|x64.Build.0 = Release|x64
		{4DD679C6-EC85-4696-9856-5C0E8DDAAEC7}.Release|x86.ActiveCfg = Release|Win32
		{4DD679C6-EC85-4696-9856-5C0E8DDAAEC7}.Release|x86.Build.0 = Release|Win32
		{F51EC0EA-2BC8-40CF-A21F-507393C6CFF4}.Debug|x64.ActiveCfg = Debug|x64
		{F51EC0EA-2BC8-40CF-A21F-507393C6CFF4}.Debug|x64.Build.0 = Debug|x64
		{F51EC0EA-2BC8-40CF-A21F-507393C6CFF4}.Debug|x86.ActiveCfg = Debug|Win32
		{F51EC0EA-2BC8-40CF-A21F-507393C6CFF4}.Debug|x86.Build.0 = Debug|Win32
		{F51EC0EA-2BC8-40CF-A21F-507393C6CFF4}.Release|x64.ActiveCfg = Release|x64
		{F51EC0EA-2BC8-40CF-A21F-507393C6CFF4}.Release|x64.Build.0 = Release|x64
		{F51EC0EA-2BC8-40CF-A21F-507393C6CFF4}.Release|x86.ActiveCfg = Release|Win32
		{F51EC0EA-2BC8-40CF-A21F-507393C6CFF4}.Release|x86.Build.0 = Release|Win32
		{B2C73BDE-0138-4CCA-A2C7-11AB59C8F958}.Debug|x64.ActiveCfg = Debug|x64
		{B2C73BDE-0138-4CCA-A2C7-11AB59C8F958}.Debug|x64.Build.0 = Debug|x64
		{B2C73BDE-0138-4CCA-A2C7-11AB59C8F958}.Debug|x86.ActiveCfg = Debug|Win32
		{B2C73BDE-0138-4CCA-A2C7-11AB59C8F958}.Debug|x86.Build.0 = Debug|Win32
		{B2C73BDE-0138-4CCA-A2C7-11AB59C8F958}.Release|x64.ActiveCfg = Release|x64
		{B2C73BDE-0138-4CCA-A2C7-11AB59C8F958}.Release|x64.Build.0 = Release|x64
		{B2C73BDE-0138-4CCA-A2C7-11AB59C8F958}.Release|x86.ActiveCfg = Release|Win32
		{B2C73BDE-0138-4CCA-A2C7-11AB59C8F958}.Release|x86.Build.0 = Release|Win32
		{EB24FE53-7C30-4794-B11A-CBC9DEE33E39}.Debug|x64.ActiveCfg = Debug|x64
		{EB24FE53-7C30-4794-B11A-CBC9DEE33E39}.Debug|x64.Build.0 = Debug|x64
		{EB24FE53-7C30-4794-B11A-CBC9DEE33E39}.Debug|x86.ActiveCfg = Debug|Win32
		{EB24FE53-7C30-4794-B11A-CBC9DEE33E39}.Debug|x86.Build.0 = Debug|Win32
		{EB24FE53-7C30-4794-B11A-CBC9DEE33E39}.Release|x64.ActiveCfg = Release|x64
		{EB24FE53-7C30-4794-B11A-CBC9DEE33E39}.Release|x64.Build.0 = Release|x64
		{EB24FE53-7C30-4794-B11A-CBC9DEE33E39}.Release|x86.ActiveCfg = Release|Win32
		{EB24FE53-7C30-4794-B11A-CBC9DEE33E39}.Release|x86.Build.0 = Release|Win32
		{C0DADCDA-9A0B-48FE-9D96-C03CFDF3E313}.Debug|x64.ActiveCfg = Debug|x64
		{C0DADCDA-9A0B-48FE-9D96-C03CFDF3E313}.Debug|x64.Build.0 = Debug|x64
		{C0DADCDA-9A0B-48FE-9D96-C03CFDF3E313}.Debug|x86.ActiveCfg = Debug|Win32
		{C0DADCDA-9A0B-48FE-9D96-C03CFDF3E313}.Debug|x86.Build.0 = Debug|Win32
		{C0DADCDA-9A0B-48FE-9D96-C03CFDF3E313}.Release|x64.ActiveCfg = Release|x64
		{C0DADCDA-9A0B-48FE-9D96-C03CFDF3E313}.Release|x64.Build.0 = Release|x64
		{C0DADCDA-9A0B-48FE-9D96-C03CFDF3E313}.Release|x86.ActiveCfg = Release|Win32
		{C0DADCDA-9A0B-48FE-9D96-C03CFDF3E313}.Release|x86.Build.0 = Release|Win32
		{BA8F6910-B9D5-4821-BEB2-EC68A2396269}.Debug|x64.ActiveCfg = Debug|x64
		{BA8F6910-B9D5-4821-BEB2-EC68A2396269}.Debug|x64.Build.0 = Debug|x64
		{BA8F6910-B9D5-4821-BEB2-EC68A2396269}.Debug|x86.ActiveCfg = Debug|Win32
		{BA8F6910-B9D5-4821-BEB2-EC68A2396269}.Debug|x86.Build.0 = Debug|Win32
		{BA8F6910-B9D5-4821-BEB2-EC68A2396269}.Release|x64.ActiveCfg = Release|x64
		{BA8F6910-B9D5-4821-BEB2-EC68A2396269}.Release|x64.Build.0 = Release|x64
		{BA8F6910-B9D5-4821-BEB2-EC68A2396269}.Release|x86.ActiveCfg = Release|Win32
		{BA8F6910-B9D5-4821-BEB2-EC68A2396269}.Release|x86.Build.0 = Release|Win32
	EndGlobalSection
	GlobalSection(SolutionProperties) = preSolution
		HideSolutionNode = FALSE
	EndGlobalSection
	GlobalSection(NestedProjects) = preSolution
		{1C7D6AB3-6E7C-48B9-83C1-C3394C6CE06C} = {1E19A88B-3013-4EB9-994E-F1DCF568D657}
		{4DD679C6-EC85-4696-9856-5C0E8DDAAEC7} = {1E19A88B-3013-4EB9-994E-F1DCF568D657}
		{EB24FE53-7C30-4794-B11A-CBC9DEE33E39} = {1E19A88B-3013-4EB9-994E-F1DCF568D657}
	EndGlobalSection
	GlobalSection(ExtensibilityGlobals) = postSolution
		SolutionGuid = {794C7078-B5BA-4004-8965-A2864872EBFB}
	EndGlobalSection
EndGlobal
